
Microsoft Visual Studio Solution File, Format Version 12.00
# Visual Studio 15
VisualStudioVersion = 15.0.26430.16
MinimumVisualStudioVersion = 10.0.40219.1
Project("{2150E333-8FDC-42A3-9474-1A3956D46DE8}") = "YKCD.Province", "YKCD.Province", "{B905752E-9493-4722-A48E-220533AE8D81}"
EndProject
Project("{2150E333-8FDC-42A3-9474-1A3956D46DE8}") = "YKCD.Agency", "YKCD.Agency", "{E8A82F9B-15DC-4372-99B9-771A0441355E}"
EndProject
Project("{FAE04EC0-301F-11D3-BF4B-00C04F79EFBC}") = "YKCD.Province.Business", "YKCD.Province.Business\YKCD.Province.Business.csproj", "{0B279032-1999-47D3-883B-57700CFF4215}"
EndProject
Project("{2150E333-8FDC-42A3-9474-1A3956D46DE8}") = "Framework", "Framework", "{7571D5C3-6A4B-475F-87D7-B5BA5E634C01}"
EndProject
Project("{FAE04EC0-301F-11D3-BF4B-00C04F79EFBC}") = "Framework", "Framework\Framework.csproj", "{F3916B9B-23C5-4359-93B6-006877D0F67A}"
EndProject
Project("{FAE04EC0-301F-11D3-BF4B-00C04F79EFBC}") = "YKCD.Agency.Business", "YKCD.Agency.Business\YKCD.Agency.Business.csproj", "{0F0D16F6-7361-4770-9A20-F3DAE5F1D373}"
EndProject
Project("{FAE04EC0-301F-11D3-BF4B-00C04F79EFBC}") = "YKCD.Province.Application", "YKCD.Province.Application\YKCD.Province.Application.csproj", "{00F30089-1978-4A34-B79F-FA7355D10C74}"
	ProjectSection(ProjectDependencies) = postProject
		{F5E15E42-6B51-4200-81AD-C82EF83562E3} = {F5E15E42-6B51-4200-81AD-C82EF83562E3}
	EndProjectSection
EndProject
Project("{FAE04EC0-301F-11D3-BF4B-00C04F79EFBC}") = "YKCD.Agency.Application", "Ykcd.Agency.Application\YKCD.Agency.Application.csproj", "{F5E15E42-6B51-4200-81AD-C82EF83562E3}"
EndProject
Project("{2150E333-8FDC-42A3-9474-1A3956D46DE8}") = "ConsoleApplication", "ConsoleApplication", "{BB836AED-7573-4C76-A403-8EA9F97A3A84}"
EndProject
Project("{FAE04EC0-301F-11D3-BF4B-00C04F79EFBC}") = "SmsStatisticForAgency", "SmsStatisticForAgency\SmsStatisticForAgency.csproj", "{FAE43E8C-A23F-4FBE-BB3F-03E0C9BFA4C9}"
EndProject
Project("{FAE04EC0-301F-11D3-BF4B-00C04F79EFBC}") = "SmsStatisticForNamDong", "SmsStatisticForNamDong\SmsStatisticForNamDong.csproj", "{94531D21-5A56-4058-9A2C-883B895488BA}"
EndProject
Project("{2150E333-8FDC-42A3-9474-1A3956D46DE8}") = "YKCD.SubAgency", "YKCD.SubAgency", "{A1F53117-7902-4067-B578-D24424417733}"
EndProject
Project("{FAE04EC0-301F-11D3-BF4B-00C04F79EFBC}") = "YKCD.SubAgency.Application", "YKCD.SubAgency.Application\YKCD.SubAgency.Application.csproj", "{2648CCF2-AA27-40B9-B16B-67903E987602}"
EndProject
Project("{FAE04EC0-301F-11D3-BF4B-00C04F79EFBC}") = "Ykcd.SubAgency.Business", "Ykcd.SubAgency.Business\Ykcd.SubAgency.Business.csproj", "{D6E951AD-118E-432F-A3DC-9BCA4BA32258}"
	ProjectSection(ProjectDependencies) = postProject
		{F5E15E42-6B51-4200-81AD-C82EF83562E3} = {F5E15E42-6B51-4200-81AD-C82EF83562E3}
	EndProjectSection
EndProject
Project("{FAE04EC0-301F-11D3-BF4B-00C04F79EFBC}") = "SmsStatisticForYTe", "SmsStatisticForYTe\SmsStatisticForYTe.csproj", "{7EC0748B-0C43-4563-847C-1E5E5B0591A2}"
EndProject
Global
	GlobalSection(SolutionConfigurationPlatforms) = preSolution
		Debug|Any CPU = Debug|Any CPU
		Release|Any CPU = Release|Any CPU
	EndGlobalSection
	GlobalSection(ProjectConfigurationPlatforms) = postSolution
		{0B279032-1999-47D3-883B-57700CFF4215}.Debug|Any CPU.ActiveCfg = Debug|Any CPU
		{0B279032-1999-47D3-883B-57700CFF4215}.Debug|Any CPU.Build.0 = Debug|Any CPU
		{0B279032-1999-47D3-883B-57700CFF4215}.Release|Any CPU.ActiveCfg = Release|Any CPU
		{0B279032-1999-47D3-883B-57700CFF4215}.Release|Any CPU.Build.0 = Release|Any CPU
		{F3916B9B-23C5-4359-93B6-006877D0F67A}.Debug|Any CPU.ActiveCfg = Debug|Any CPU
		{F3916B9B-23C5-4359-93B6-006877D0F67A}.Debug|Any CPU.Build.0 = Debug|Any CPU
		{F3916B9B-23C5-4359-93B6-006877D0F67A}.Release|Any CPU.ActiveCfg = Release|Any CPU
		{F3916B9B-23C5-4359-93B6-006877D0F67A}.Release|Any CPU.Build.0 = Release|Any CPU
		{0F0D16F6-7361-4770-9A20-F3DAE5F1D373}.Debug|Any CPU.ActiveCfg = Debug|Any CPU
		{0F0D16F6-7361-4770-9A20-F3DAE5F1D373}.Debug|Any CPU.Build.0 = Debug|Any CPU
		{0F0D16F6-7361-4770-9A20-F3DAE5F1D373}.Release|Any CPU.ActiveCfg = Release|Any CPU
		{0F0D16F6-7361-4770-9A20-F3DAE5F1D373}.Release|Any CPU.Build.0 = Release|Any CPU
		{00F30089-1978-4A34-B79F-FA7355D10C74}.Debug|Any CPU.ActiveCfg = Debug|Any CPU
		{00F30089-1978-4A34-B79F-FA7355D10C74}.Debug|Any CPU.Build.0 = Debug|Any CPU
		{00F30089-1978-4A34-B79F-FA7355D10C74}.Release|Any CPU.ActiveCfg = Release|Any CPU
		{00F30089-1978-4A34-B79F-FA7355D10C74}.Release|Any CPU.Build.0 = Release|Any CPU
		{F5E15E42-6B51-4200-81AD-C82EF83562E3}.Debug|Any CPU.ActiveCfg = Debug|Any CPU
		{F5E15E42-6B51-4200-81AD-C82EF83562E3}.Debug|Any CPU.Build.0 = Debug|Any CPU
		{F5E15E42-6B51-4200-81AD-C82EF83562E3}.Release|Any CPU.ActiveCfg = Release|Any CPU
		{F5E15E42-6B51-4200-81AD-C82EF83562E3}.Release|Any CPU.Build.0 = Release|Any CPU
		{FAE43E8C-A23F-4FBE-BB3F-03E0C9BFA4C9}.Debug|Any CPU.ActiveCfg = Debug|Any CPU
		{FAE43E8C-A23F-4FBE-BB3F-03E0C9BFA4C9}.Debug|Any CPU.Build.0 = Debug|Any CPU
		{FAE43E8C-A23F-4FBE-BB3F-03E0C9BFA4C9}.Release|Any CPU.ActiveCfg = Release|Any CPU
		{FAE43E8C-A23F-4FBE-BB3F-03E0C9BFA4C9}.Release|Any CPU.Build.0 = Release|Any CPU
		{94531D21-5A56-4058-9A2C-883B895488BA}.Debug|Any CPU.ActiveCfg = Debug|Any CPU
		{94531D21-5A56-4058-9A2C-883B895488BA}.Debug|Any CPU.Build.0 = Debug|Any CPU
		{94531D21-5A56-4058-9A2C-883B895488BA}.Release|Any CPU.ActiveCfg = Release|Any CPU
		{94531D21-5A56-4058-9A2C-883B895488BA}.Release|Any CPU.Build.0 = Release|Any CPU
		{2648CCF2-AA27-40B9-B16B-67903E987602}.Debug|Any CPU.ActiveCfg = Debug|Any CPU
		{2648CCF2-AA27-40B9-B16B-67903E987602}.Debug|Any CPU.Build.0 = Debug|Any CPU
		{2648CCF2-AA27-40B9-B16B-67903E987602}.Release|Any CPU.ActiveCfg = Release|Any CPU
		{2648CCF2-AA27-40B9-B16B-67903E987602}.Release|Any CPU.Build.0 = Release|Any CPU
		{D6E951AD-118E-432F-A3DC-9BCA4BA32258}.Debug|Any CPU.ActiveCfg = Debug|Any CPU
		{D6E951AD-118E-432F-A3DC-9BCA4BA32258}.Debug|Any CPU.Build.0 = Debug|Any CPU
		{D6E951AD-118E-432F-A3DC-9BCA4BA32258}.Release|Any CPU.ActiveCfg = Release|Any CPU
		{D6E951AD-118E-432F-A3DC-9BCA4BA32258}.Release|Any CPU.Build.0 = Release|Any CPU
		{7EC0748B-0C43-4563-847C-1E5E5B0591A2}.Debug|Any CPU.ActiveCfg = Debug|Any CPU
		{7EC0748B-0C43-4563-847C-1E5E5B0591A2}.Debug|Any CPU.Build.0 = Debug|Any CPU
		{7EC0748B-0C43-4563-847C-1E5E5B0591A2}.Release|Any CPU.ActiveCfg = Release|Any CPU
		{7EC0748B-0C43-4563-847C-1E5E5B0591A2}.Release|Any CPU.Build.0 = Release|Any CPU
	EndGlobalSection
	GlobalSection(SolutionProperties) = preSolution
		HideSolutionNode = FALSE
	EndGlobalSection
	GlobalSection(NestedProjects) = preSolution
		{0B279032-1999-47D3-883B-57700CFF4215} = {B905752E-9493-4722-A48E-220533AE8D81}
		{F3916B9B-23C5-4359-93B6-006877D0F67A} = {7571D5C3-6A4B-475F-87D7-B5BA5E634C01}
		{0F0D16F6-7361-4770-9A20-F3DAE5F1D373} = {E8A82F9B-15DC-4372-99B9-771A0441355E}
		{00F30089-1978-4A34-B79F-FA7355D10C74} = {B905752E-9493-4722-A48E-220533AE8D81}
		{F5E15E42-6B51-4200-81AD-C82EF83562E3} = {E8A82F9B-15DC-4372-99B9-771A0441355E}
		{FAE43E8C-A23F-4FBE-BB3F-03E0C9BFA4C9} = {BB836AED-7573-4C76-A403-8EA9F97A3A84}
		{94531D21-5A56-4058-9A2C-883B895488BA} = {BB836AED-7573-4C76-A403-8EA9F97A3A84}
		{2648CCF2-AA27-40B9-B16B-67903E987602} = {A1F53117-7902-4067-B578-D24424417733}
		{D6E951AD-118E-432F-A3DC-9BCA4BA32258} = {A1F53117-7902-4067-B578-D24424417733}
		{7EC0748B-0C43-4563-847C-1E5E5B0591A2} = {BB836AED-7573-4C76-A403-8EA9F97A3A84}
	EndGlobalSection
	GlobalSection(ExtensibilityGlobals) = postSolution
		VisualSVNWorkingCopyRoot = .
		SolutionGuid = {CD23D93D-67FA-453E-B9D1-1D109F7CCB39}
	EndGlobalSection
EndGlobal
